
Microsoft Visual Studio Solution File, Format Version 12.00
# Visual Studio Version 16
VisualStudioVersion = 16.0.32802.440
MinimumVisualStudioVersion = 10.0.40219.1
Project("{FAE04EC0-301F-11D3-BF4B-00C04F79EFBC}") = "PR_7", "PR_7.csproj", "{360BEE62-0B4F-492C-B5B5-FBC904B7FD06}"
EndProject
Global
	GlobalSection(SolutionConfigurationPlatforms) = preSolution
		Debug|Any CPU = Debug|Any CPU
		Release|Any CPU = Release|Any CPU
	EndGlobalSection
	GlobalSection(ProjectConfigurationPlatforms) = postSolution
		{360BEE62-0B4F-492C-B5B5-FBC904B7FD06}.Debug|Any CPU.ActiveCfg = Debug|Any CPU
		{360BEE62-0B4F-492C-B5B5-FBC904B7FD06}.Debug|Any CPU.Build.0 = Debug|Any CPU
		{360BEE62-0B4F-492C-B5B5-FBC904B7FD06}.Release|Any CPU.ActiveCfg = Release|Any CPU
		{360BEE62-0B4F-492C-B5B5-FBC904B7FD06}.Release|Any CPU.Build.0 = Release|Any CPU
	EndGlobalSection
	GlobalSection(SolutionProperties) = preSolution
		HideSolutionNode = FALSE
	EndGlobalSection
	GlobalSection(ExtensibilityGlobals) = postSolution
		SolutionGuid = {67AE1079-90C7-4CE7-A463-876ABB4F437C}
	EndGlobalSection
EndGlobal
